
Microsoft Visual Studio Solution File, Format Version 12.00
# Visual Studio Version 17
VisualStudioVersion = 17.2.32519.379
MinimumVisualStudioVersion = 10.0.40219.1
Project("{2150E333-8FDC-42A3-9474-1A3956D46DE8}") = "src", "src", "{C0F41394-C717-4C8D-A565-FDF09F28C727}"
EndProject
Project("{2150E333-8FDC-42A3-9474-1A3956D46DE8}") = "test", "test", "{5F558632-26E1-4EEA-A512-36E697B02176}"
EndProject
Project("{9A19103F-16F7-4668-BE54-9A1E7A4F7556}") = "MarsRover.Console", "src\MarsRover.Console\MarsRover.Console.csproj", "{E1F05778-AAF8-4EA8-AECC-F60050038E67}"
EndProject
Project("{9A19103F-16F7-4668-BE54-9A1E7A4F7556}") = "MarsRover.Business", "src\MarsRover.Business\MarsRover.Business.csproj", "{FDF4E1D3-F4F9-45A1-8B9C-4219033662B7}"
EndProject
Project("{9A19103F-16F7-4668-BE54-9A1E7A4F7556}") = "MarsRover.Test", "test\MarsRover.Test\MarsRover.Test.csproj", "{4C17EC2A-3EF9-438B-B8BC-3DD1E0EE8833}"
EndProject
Project("{9A19103F-16F7-4668-BE54-9A1E7A4F7556}") = "MarsRover.Business.Test", "test\MarsRover.Business.Test\MarsRover.Business.Test.csproj", "{A6689E5E-800A-4AE3-8184-F1623A596131}"
EndProject
Global
	GlobalSection(SolutionConfigurationPlatforms) = preSolution
		Debug|Any CPU = Debug|Any CPU
		Release|Any CPU = Release|Any CPU
	EndGlobalSection
	GlobalSection(ProjectConfigurationPlatforms) = postSolution
		{E1F05778-AAF8-4EA8-AECC-F60050038E67}.Debug|Any CPU.ActiveCfg = Debug|Any CPU
		{E1F05778-AAF8-4EA8-AECC-F60050038E67}.Debug|Any CPU.Build.0 = Debug|Any CPU
		{E1F05778-AAF8-4EA8-AECC-F60050038E67}.Release|Any CPU.ActiveCfg = Release|Any CPU
		{E1F05778-AAF8-4EA8-AECC-F60050038E67}.Release|Any CPU.Build.0 = Release|Any CPU
		{FDF4E1D3-F4F9-45A1-8B9C-4219033662B7}.Debug|Any CPU.ActiveCfg = Debug|Any CPU
		{FDF4E1D3-F4F9-45A1-8B9C-4219033662B7}.Debug|Any CPU.Build.0 = Debug|Any CPU
		{FDF4E1D3-F4F9-45A1-8B9C-4219033662B7}.Release|Any CPU.ActiveCfg = Release|Any CPU
		{FDF4E1D3-F4F9-45A1-8B9C-4219033662B7}.Release|Any CPU.Build.0 = Release|Any CPU
		{4C17EC2A-3EF9-438B-B8BC-3DD1E0EE8833}.Debug|Any CPU.ActiveCfg = Debug|Any CPU
		{4C17EC2A-3EF9-438B-B8BC-3DD1E0EE8833}.Debug|Any CPU.Build.0 = Debug|Any CPU
		{4C17EC2A-3EF9-438B-B8BC-3DD1E0EE8833}.Release|Any CPU.ActiveCfg = Release|Any CPU
		{4C17EC2A-3EF9-438B-B8BC-3DD1E0EE8833}.Release|Any CPU.Build.0 = Release|Any CPU
		{A6689E5E-800A-4AE3-8184-F1623A596131}.Debug|Any CPU.ActiveCfg = Debug|Any CPU
		{A6689E5E-800A-4AE3-8184-F1623A596131}.Debug|Any CPU.Build.0 = Debug|Any CPU
		{A6689E5E-800A-4AE3-8184-F1623A596131}.Release|Any CPU.ActiveCfg = Release|Any CPU
		{A6689E5E-800A-4AE3-8184-F1623A596131}.Release|Any CPU.Build.0 = Release|Any CPU
	EndGlobalSection
	GlobalSection(SolutionProperties) = preSolution
		HideSolutionNode = FALSE
	EndGlobalSection
	GlobalSection(NestedProjects) = preSolution
		{E1F05778-AAF8-4EA8-AECC-F60050038E67} = {C0F41394-C717-4C8D-A565-FDF09F28C727}
		{FDF4E1D3-F4F9-45A1-8B9C-4219033662B7} = {C0F41394-C717-4C8D-A565-FDF09F28C727}
		{4C17EC2A-3EF9-438B-B8BC-3DD1E0EE8833} = {5F558632-26E1-4EEA-A512-36E697B02176}
		{A6689E5E-800A-4AE3-8184-F1623A596131} = {5F558632-26E1-4EEA-A512-36E697B02176}
	EndGlobalSection
	GlobalSection(ExtensibilityGlobals) = postSolution
		SolutionGuid = {D3784FB8-AA0A-461E-B82D-4225942DDEA3}
	EndGlobalSection
EndGlobal
